# This file was autogenerated by Stack.
# You should not edit this file by hand.
# For more information, please see the documentation at:
#   https://docs.haskellstack.org/en/stable/lock_files

packages:
- completed:
    hackage: hspec-wai-0.11.1@sha256:fe359f4af85d7a09ba3d67a11ff3a2e29ec09aa6156ec19cfb163b0672d4432b,2237
    pantry-tree:
      sha256: cf0ea54386c0c631430391c46f26b55882e7d59d98ff74430951e730f25603cc
      size: 809
  original:
    hackage: hspec-wai-0.11.1
- completed:
    hackage: pipes-safe-2.3.4@sha256:1e4be771d7998251be7890536a3d3d31e5c93118737bed1d8a19505ec6130256,1890
    pantry-tree:
      sha256: a82914f8221ffa6df9b3f56dfe12a702ed06cd317ae04af259ec4842b451ab2e
      size: 380
  original:
    hackage: pipes-safe-2.3.4
snapshots:
- completed:
    sha256: 8cf0695c568d7135f24b248c328bc80c32601b0c3a469aa5151196580781d84e
    size: 604751
    url: https://raw.githubusercontent.com/commercialhaskell/stackage-snapshots/master/nightly/2023/4/14.yaml
  original: nightly-2023-04-14
