# This file was autogenerated by Stack.
# You should not edit this file by hand.
# For more information, please see the documentation at:
#   https://docs.haskellstack.org/en/stable/lock_files

packages: []
snapshots:
- completed:
    size: 587393
    url: https://raw.githubusercontent.com/commercialhaskell/stackage-snapshots/master/lts/18/25.yaml
    sha256: 1b74fb5e970497b5aefae56703f1bd44aa648bd1a5ef95c1eb8c29775087e2bf
  original: lts-18.25
