# This file was autogenerated by Stack.
# You should not edit this file by hand.
# For more information, please see the documentation at:
#   https://docs.haskellstack.org/en/stable/topics/lock_files

packages:
- completed:
    hackage: QuickCheck-2.18.0.0@sha256:8da924b1009c9f1352ff367ab03345e36795958c7bb6c156aa460e3100753dfd,8678
    pantry-tree:
      sha256: 721985f15de505c333b6368ac30ecd5b9caebd5d080eefcf813a91648943c099
      size: 2882
  original:
    hackage: QuickCheck-2.18.0.0
- completed:
    hackage: quickcheck-instances-0.4@sha256:7ad296a8cb4a20d08af8dd0c6e0e667de1cd8b53657fbbe94ceba188f29f22a9,4321
    pantry-tree:
      sha256: 01c4cae54d909d02079dffe7431b9c6051b5e381f40aef2f3f567ba59625cfc9
      size: 2431
  original:
    hackage: quickcheck-instances-0.4@rev:2
- completed:
    hackage: servant-js-0.9.4.2@sha256:c090c1c0d08f9a58c2c0e2b333ad385fe158767b95f4d011fc88e31129415f10,3571
    pantry-tree:
      sha256: a1f912348985a3e88c5c7730c7f837615a3bedb95fbb37d9e67092adbee700bc
      size: 961
  original:
    hackage: servant-js-0.9.4.2
snapshots:
- completed:
    sha256: e0df3561d66306092cc9183e22ea4b4dbd8b4ba4f4124c1715a4c79608b84b12
    size: 753932
    url: https://raw.githubusercontent.com/commercialhaskell/stackage-snapshots/master/nightly/2026/7/3.yaml
  original: nightly-2026-07-03
